{
  "version": 4,
  "terraform_version": "0.13.2",
  "serial": 9,
  "lineage": "facc366d-f434-ddc2-8508-145d5cfa3d06",
  "outputs": {
    "ebs_volume_id": {
      "value": [
        [],
        [],
        []
      ],
      "type": [
        "tuple",
        [
          [
            "tuple",
            []
          ],
          [
            "tuple",
            []
          ],
          [
            "tuple",
            []
          ]
        ]
      ]
    },
    "ec2_instance_id": {
      "value": [
        "i-03a8454656e551701",
        "i-0630a2c323d62ff45",
        "i-081c0ac9c8a40c067"
      ],
      "type": [
        "tuple",
        [
          "string",
          "string",
          "string"
        ]
      ]
    },
    "ec2_instance_type": {
      "value": [
        "t2.micro",
        "t2.micro",
        "t2.micro"
      ],
      "type": [
        "tuple",
        [
          "string",
          "string",
          "string"
        ]
      ]
    }
  },
  "resources": [
    {
      "mode": "data",
      "type": "aws_caller_identity",
      "name": "current",
      "provider": "provider[\"registry.terraform.io/hashicorp/aws\"]",
      "instances": [
        {
          "schema_version": 0,
          "attributes": {
            "account_id": "154542059199",
            "arn": "arn:aws:iam::154542059199:root",
            "id": "2020-09-07 11:57:29.183839 +0000 UTC",
            "user_id": "154542059199"
          }
        }
      ]
    },
    {
      "mode": "managed",
      "type": "aws_iam_instance_profile",
      "name": "iam_instance_profile",
      "provider": "provider[\"registry.terraform.io/hashicorp/aws\"]",
      "instances": [
        {
          "schema_version": 0,
          "attributes": {
            "arn": "arn:aws:iam::154542059199:instance-profile/nile-profile-1",
            "create_date": "2020-09-07T11:57:41Z",
            "id": "nile-profile-1",
            "name": "nile-profile-1",
            "name_prefix": null,
            "path": "/",
            "role": "test_role",
            "unique_id": "AIPASH63MV27WLJGPAQEY"
          },
          "private": "bnVsbA==",
          "dependencies": [
            "aws_iam_role.test_role"
          ]
        }
      ]
    },
    {
      "mode": "managed",
      "type": "aws_iam_role",
      "name": "test_role",
      "provider": "provider[\"registry.terraform.io/hashicorp/aws\"]",
      "instances": [
        {
          "schema_version": 0,
          "attributes": {
            "arn": "arn:aws:iam::154542059199:role/test_role",
            "assume_role_policy": "{\"Version\":\"2012-10-17\",\"Statement\":[{\"Sid\":\"\",\"Effect\":\"Allow\",\"Principal\":{\"Service\":\"ec2.amazonaws.com\"},\"Action\":\"sts:AssumeRole\"}]}",
            "create_date": "2020-09-07T11:57:39Z",
            "description": "",
            "force_detach_policies": false,
            "id": "test_role",
            "max_session_duration": 3600,
            "name": "test_role",
            "name_prefix": null,
            "path": "/",
            "permissions_boundary": null,
            "tags": {
              "tag-key": "tag-value"
            },
            "unique_id": "AROASH63MV27SOOIEHOIQ"
          },
          "private": "bnVsbA=="
        }
      ]
    },
    {
      "mode": "managed",
      "type": "aws_instance",
      "name": "ec2",
      "provider": "provider[\"registry.terraform.io/hashicorp/aws\"]",
      "instances": [
        {
          "index_key": 0,
          "schema_version": 1,
          "attributes": {
            "ami": "ami-02354e95b39ca8dec",
            "arn": "arn:aws:ec2:us-east-1:154542059199:instance/i-03a8454656e551701",
            "associate_public_ip_address": true,
            "availability_zone": "us-east-1a",
            "cpu_core_count": 1,
            "cpu_threads_per_core": 1,
            "credit_specification": [
              {
                "cpu_credits": "standard"
              }
            ],
            "disable_api_termination": false,
            "ebs_block_device": [],
            "ebs_optimized": false,
            "ephemeral_block_device": [],
            "get_password_data": false,
            "hibernation": false,
            "host_id": null,
            "iam_instance_profile": "nile-profile-1",
            "id": "i-03a8454656e551701",
            "instance_initiated_shutdown_behavior": "",
            "instance_state": "running",
            "instance_type": "t2.micro",
            "ipv6_address_count": 0,
            "ipv6_addresses": [],
            "key_name": "deployer-key",
            "metadata_options": [
              {
                "http_endpoint": "enabled",
                "http_put_response_hop_limit": 1,
                "http_tokens": "optional"
              }
            ],
            "monitoring": false,
            "network_interface": [],
            "outpost_arn": "",
            "password_data": "",
            "placement_group": "EC2_placement_group",
            "primary_network_interface_id": "eni-0d921435f50b7cf52",
            "private_dns": "ip-172-31-88-118.ec2.internal",
            "private_ip": "172.31.88.118",
            "public_dns": "ec2-54-166-188-195.compute-1.amazonaws.com",
            "public_ip": "54.166.188.195",
            "root_block_device": [
              {
                "delete_on_termination": true,
                "device_name": "/dev/xvda",
                "encrypted": true,
                "iops": 100,
                "kms_key_id": "arn:aws:kms:us-east-1:154542059199:key/38412acc-c75e-4d86-bb5d-b94115979704",
                "volume_id": "vol-022314bc1947d2c5e",
                "volume_size": 10,
                "volume_type": "gp2"
              }
            ],
            "secondary_private_ips": [],
            "security_groups": [
              "terraform-20200907115737102400000001"
            ],
            "source_dest_check": true,
            "subnet_id": "subnet-8854f7a9",
            "tags": {
              "Name": "Nile--1"
            },
            "tenancy": "default",
            "timeouts": null,
            "user_data": "ae4ec7b3c5deb82bd55528fc0d75abb3886651b5",
            "user_data_base64": null,
            "volume_tags": {
              "Name": "Nile--1"
            },
            "vpc_security_group_ids": [
              "sg-0d2f8b4ec4fd77c2e"
            ]
          },
          "private": "eyJlMmJmYjczMC1lY2FhLTExZTYtOGY4OC0zNDM2M2JjN2M0YzAiOnsiY3JlYXRlIjo2MDAwMDAwMDAwMDAsImRlbGV0ZSI6MTIwMDAwMDAwMDAwMCwidXBkYXRlIjo2MDAwMDAwMDAwMDB9LCJzY2hlbWFfdmVyc2lvbiI6IjEifQ==",
          "dependencies": [
            "aws_iam_instance_profile.iam_instance_profile",
            "aws_iam_role.test_role",
            "aws_key_pair.nile-key",
            "aws_placement_group.ec2-placement_strategy",
            "aws_security_group.sg"
          ]
        },
        {
          "index_key": 1,
          "schema_version": 1,
          "attributes": {
            "ami": "ami-02354e95b39ca8dec",
            "arn": "arn:aws:ec2:us-east-1:154542059199:instance/i-0630a2c323d62ff45",
            "associate_public_ip_address": true,
            "availability_zone": "us-east-1f",
            "cpu_core_count": 1,
            "cpu_threads_per_core": 1,
            "credit_specification": [
              {
                "cpu_credits": "standard"
              }
            ],
            "disable_api_termination": false,
            "ebs_block_device": [],
            "ebs_optimized": false,
            "ephemeral_block_device": [],
            "get_password_data": false,
            "hibernation": false,
            "host_id": null,
            "iam_instance_profile": "nile-profile-1",
            "id": "i-0630a2c323d62ff45",
            "instance_initiated_shutdown_behavior": "",
            "instance_state": "running",
            "instance_type": "t2.micro",
            "ipv6_address_count": 0,
            "ipv6_addresses": [],
            "key_name": "deployer-key",
            "metadata_options": [
              {
                "http_endpoint": "enabled",
                "http_put_response_hop_limit": 1,
                "http_tokens": "optional"
              }
            ],
            "monitoring": false,
            "network_interface": [],
            "outpost_arn": "",
            "password_data": "",
            "placement_group": "EC2_placement_group",
            "primary_network_interface_id": "eni-033a6c54cf710d478",
            "private_dns": "ip-172-31-74-167.ec2.internal",
            "private_ip": "172.31.74.167",
            "public_dns": "ec2-3-237-22-181.compute-1.amazonaws.com",
            "public_ip": "3.237.22.181",
            "root_block_device": [
              {
                "delete_on_termination": true,
                "device_name": "/dev/xvda",
                "encrypted": true,
                "iops": 100,
                "kms_key_id": "arn:aws:kms:us-east-1:154542059199:key/38412acc-c75e-4d86-bb5d-b94115979704",
                "volume_id": "vol-06035c15fe6577a7f",
                "volume_size": 10,
                "volume_type": "gp2"
              }
            ],
            "secondary_private_ips": [],
            "security_groups": [
              "terraform-20200907115737102400000001"
            ],
            "source_dest_check": true,
            "subnet_id": "subnet-23a9372d",
            "tags": {
              "Name": "Nile--2"
            },
            "tenancy": "default",
            "timeouts": null,
            "user_data": "ae4ec7b3c5deb82bd55528fc0d75abb3886651b5",
            "user_data_base64": null,
            "volume_tags": {
              "Name": "Nile--2"
            },
            "vpc_security_group_ids": [
              "sg-0d2f8b4ec4fd77c2e"
            ]
          },
          "private": "eyJlMmJmYjczMC1lY2FhLTExZTYtOGY4OC0zNDM2M2JjN2M0YzAiOnsiY3JlYXRlIjo2MDAwMDAwMDAwMDAsImRlbGV0ZSI6MTIwMDAwMDAwMDAwMCwidXBkYXRlIjo2MDAwMDAwMDAwMDB9LCJzY2hlbWFfdmVyc2lvbiI6IjEifQ==",
          "dependencies": [
            "aws_iam_instance_profile.iam_instance_profile",
            "aws_iam_role.test_role",
            "aws_key_pair.nile-key",
            "aws_placement_group.ec2-placement_strategy",
            "aws_security_group.sg"
          ]
        },
        {
          "index_key": 2,
          "schema_version": 1,
          "attributes": {
            "ami": "ami-02354e95b39ca8dec",
            "arn": "arn:aws:ec2:us-east-1:154542059199:instance/i-081c0ac9c8a40c067",
            "associate_public_ip_address": true,
            "availability_zone": "us-east-1e",
            "cpu_core_count": 1,
            "cpu_threads_per_core": 1,
            "credit_specification": [
              {
                "cpu_credits": "standard"
              }
            ],
            "disable_api_termination": false,
            "ebs_block_device": [],
            "ebs_optimized": false,
            "ephemeral_block_device": [],
            "get_password_data": false,
            "hibernation": false,
            "host_id": null,
            "iam_instance_profile": "nile-profile-1",
            "id": "i-081c0ac9c8a40c067",
            "instance_initiated_shutdown_behavior": "",
            "instance_state": "running",
            "instance_type": "t2.micro",
            "ipv6_address_count": 0,
            "ipv6_addresses": [],
            "key_name": "deployer-key",
            "metadata_options": [
              {
                "http_endpoint": "enabled",
                "http_put_response_hop_limit": 1,
                "http_tokens": "optional"
              }
            ],
            "monitoring": false,
            "network_interface": [],
            "outpost_arn": "",
            "password_data": "",
            "placement_group": "EC2_placement_group",
            "primary_network_interface_id": "eni-0f64915bb326af6b5",
            "private_dns": "ip-172-31-63-141.ec2.internal",
            "private_ip": "172.31.63.141",
            "public_dns": "ec2-34-229-69-211.compute-1.amazonaws.com",
            "public_ip": "34.229.69.211",
            "root_block_device": [
              {
                "delete_on_termination": true,
                "device_name": "/dev/xvda",
                "encrypted": true,
                "iops": 100,
                "kms_key_id": "arn:aws:kms:us-east-1:154542059199:key/38412acc-c75e-4d86-bb5d-b94115979704",
                "volume_id": "vol-004971cb3224bf9cc",
                "volume_size": 10,
                "volume_type": "gp2"
              }
            ],
            "secondary_private_ips": [],
            "security_groups": [
              "terraform-20200907115737102400000001"
            ],
            "source_dest_check": true,
            "subnet_id": "subnet-c8779ff9",
            "tags": {
              "Name": "Nile--3"
            },
            "tenancy": "default",
            "timeouts": null,
            "user_data": "ae4ec7b3c5deb82bd55528fc0d75abb3886651b5",
            "user_data_base64": null,
            "volume_tags": {
              "Name": "Nile--3"
            },
            "vpc_security_group_ids": [
              "sg-0d2f8b4ec4fd77c2e"
            ]
          },
          "private": "eyJlMmJmYjczMC1lY2FhLTExZTYtOGY4OC0zNDM2M2JjN2M0YzAiOnsiY3JlYXRlIjo2MDAwMDAwMDAwMDAsImRlbGV0ZSI6MTIwMDAwMDAwMDAwMCwidXBkYXRlIjo2MDAwMDAwMDAwMDB9LCJzY2hlbWFfdmVyc2lvbiI6IjEifQ==",
          "dependencies": [
            "aws_iam_instance_profile.iam_instance_profile",
            "aws_iam_role.test_role",
            "aws_key_pair.nile-key",
            "aws_placement_group.ec2-placement_strategy",
            "aws_security_group.sg"
          ]
        }
      ]
    },
    {
      "mode": "managed",
      "type": "aws_key_pair",
      "name": "nile-key",
      "provider": "provider[\"registry.terraform.io/hashicorp/aws\"]",
      "instances": [
        {
          "schema_version": 1,
          "attributes": {
            "arn": "arn:aws:ec2:us-east-1:154542059199:key-pair/deployer-key",
            "fingerprint": "95:81:60:89:c6:15:ff:00:9d:28:e5:2f:1b:f7:ac:90",
            "id": "deployer-key",
            "key_name": "deployer-key",
            "key_name_prefix": null,
            "key_pair_id": "key-03b9e6d9701fd28eb",
            "public_key": "ssh-rsa AAAAB3NzaC1yc2EAAAABJQAAAQEAn8D7Nkhyc7qZ0mZ7lIO236gB0KcPzLYrmBg6T8UXWUDkLW4j/HQYBf6jIdtkd5QJ+F5Z53H8tQ/dv3F+QmSTHkBV6IASY+ugWGVCN7XImjxuiSgBxZ70MzK4TNcx7j/finVMFptl2qdWeZyvUtWYldFMgqlGmXDBtEydt8g6tqkX1Saq0YmMU7uXE6TRJHPFoGsyLbBbiVjDIx9YPdVpgjs7ZyRSQ2BNQEb6NaSsVOvW5R1+ceBITLX9n7tmzE0jJ4tnl1zR/m2/fiWWkdPT/jWeanlEXlAQR2cU09XjFfdRPVfUDTtE2r9mPk8tcJpJ+LhShpB9Rzwd4jnAAYZEYQ== rsa-key-20200812",
            "tags": null
          },
          "private": "eyJzY2hlbWFfdmVyc2lvbiI6IjEifQ=="
        }
      ]
    },
    {
      "mode": "managed",
      "type": "aws_placement_group",
      "name": "ec2-placement_strategy",
      "provider": "provider[\"registry.terraform.io/hashicorp/aws\"]",
      "instances": [
        {
          "schema_version": 0,
          "attributes": {
            "arn": "arn:aws:ec2:us-east-1:154542059199:placement-group/EC2_placement_group",
            "id": "EC2_placement_group",
            "name": "EC2_placement_group",
            "placement_group_id": "pg-0aec9737e8b4d6a5c",
            "strategy": "spread",
            "tags": null
          },
          "private": "bnVsbA=="
        }
      ]
    },
    {
      "mode": "managed",
      "type": "aws_security_group",
      "name": "sg",
      "provider": "provider[\"registry.terraform.io/hashicorp/aws\"]",
      "instances": [
        {
          "schema_version": 1,
          "attributes": {
            "arn": "arn:aws:ec2:us-east-1:154542059199:security-group/sg-0d2f8b4ec4fd77c2e",
            "description": "Managed by Terraform",
            "egress": [
              {
                "cidr_blocks": [
                  "0.0.0.0/0"
                ],
                "description": "",
                "from_port": 0,
                "ipv6_cidr_blocks": [],
                "prefix_list_ids": [],
                "protocol": "-1",
                "security_groups": [],
                "self": false,
                "to_port": 0
              }
            ],
            "id": "sg-0d2f8b4ec4fd77c2e",
            "ingress": [
              {
                "cidr_blocks": [
                  "0.0.0.0/0"
                ],
                "description": "",
                "from_port": 22,
                "ipv6_cidr_blocks": [],
                "prefix_list_ids": [],
                "protocol": "tcp",
                "security_groups": [],
                "self": false,
                "to_port": 22
              },
              {
                "cidr_blocks": [
                  "0.0.0.0/0"
                ],
                "description": "",
                "from_port": 443,
                "ipv6_cidr_blocks": [],
                "prefix_list_ids": [],
                "protocol": "tcp",
                "security_groups": [],
                "self": false,
                "to_port": 443
              },
              {
                "cidr_blocks": [
                  "0.0.0.0/0"
                ],
                "description": "",
                "from_port": 80,
                "ipv6_cidr_blocks": [],
                "prefix_list_ids": [],
                "protocol": "tcp",
                "security_groups": [],
                "self": false,
                "to_port": 80
              }
            ],
            "name": "terraform-20200907115737102400000001",
            "name_prefix": "",
            "owner_id": "154542059199",
            "revoke_rules_on_delete": false,
            "tags": {
              "Name": "Nile_EC2_SG2"
            },
            "timeouts": null,
            "vpc_id": "vpc-4ebd4d33"
          },
          "private": "eyJlMmJmYjczMC1lY2FhLTExZTYtOGY4OC0zNDM2M2JjN2M0YzAiOnsiY3JlYXRlIjo2MDAwMDAwMDAwMDAsImRlbGV0ZSI6NjAwMDAwMDAwMDAwfSwic2NoZW1hX3ZlcnNpb24iOiIxIn0="
        }
      ]
    }
  ]
}
