{
  "version": 4,
  "terraform_version": "0.13.2",
  "serial": 116,
  "lineage": "b33d7fa0-c07d-5931-d40e-45a0dbbea9bb",
  "outputs": {
    "instance_id": {
      "value": "i-02c74b3cff4733516",
      "type": "string"
    },
    "instance_key": {
      "value": "deployer-key",
      "type": "string"
    },
    "instance_public_ip": {
      "value": "3.83.223.179",
      "type": "string"
    }
  },
  "resources": [
    {
      "mode": "managed",
      "type": "aws_instance",
      "name": "nile-ec2",
      "provider": "provider[\"registry.terraform.io/hashicorp/aws\"]",
      "instances": [
        {
          "schema_version": 1,
          "attributes": {
            "ami": "ami-02354e95b39ca8dec",
            "arn": "arn:aws:ec2:us-east-1:154542059199:instance/i-02c74b3cff4733516",
            "associate_public_ip_address": true,
            "availability_zone": "us-east-1a",
            "cpu_core_count": 1,
            "cpu_threads_per_core": 1,
            "credit_specification": [
              {
                "cpu_credits": "standard"
              }
            ],
            "disable_api_termination": false,
            "ebs_block_device": [],
            "ebs_optimized": false,
            "ephemeral_block_device": [],
            "get_password_data": false,
            "hibernation": false,
            "host_id": null,
            "iam_instance_profile": "",
            "id": "i-02c74b3cff4733516",
            "instance_initiated_shutdown_behavior": null,
            "instance_state": "running",
            "instance_type": "t2.micro",
            "ipv6_address_count": 0,
            "ipv6_addresses": [],
            "key_name": "deployer-key",
            "metadata_options": [
              {
                "http_endpoint": "enabled",
                "http_put_response_hop_limit": 1,
                "http_tokens": "optional"
              }
            ],
            "monitoring": false,
            "network_interface": [],
            "outpost_arn": "",
            "password_data": "",
            "placement_group": "",
            "primary_network_interface_id": "eni-06b0fa9fb4db147e7",
            "private_dns": "ip-172-31-90-24.ec2.internal",
            "private_ip": "172.31.90.24",
            "public_dns": "ec2-3-83-223-179.compute-1.amazonaws.com",
            "public_ip": "3.83.223.179",
            "root_block_device": [
              {
                "delete_on_termination": true,
                "device_name": "/dev/xvda",
                "encrypted": false,
                "iops": 100,
                "kms_key_id": "",
                "volume_id": "vol-0af74ff7129b6bf7e",
                "volume_size": 8,
                "volume_type": "gp2"
              }
            ],
            "secondary_private_ips": [],
            "security_groups": [
              "default"
            ],
            "source_dest_check": true,
            "subnet_id": "subnet-8854f7a9",
            "tags": null,
            "tenancy": "default",
            "timeouts": null,
            "user_data": null,
            "user_data_base64": null,
            "volume_tags": {},
            "vpc_security_group_ids": [
              "sg-48fe8873"
            ]
          },
          "private": "eyJlMmJmYjczMC1lY2FhLTExZTYtOGY4OC0zNDM2M2JjN2M0YzAiOnsiY3JlYXRlIjo2MDAwMDAwMDAwMDAsImRlbGV0ZSI6MTIwMDAwMDAwMDAwMCwidXBkYXRlIjo2MDAwMDAwMDAwMDB9LCJzY2hlbWFfdmVyc2lvbiI6IjEifQ==",
          "dependencies": [
            "aws_key_pair.nile-key"
          ]
        }
      ]
    },
    {
      "mode": "managed",
      "type": "aws_key_pair",
      "name": "nile-key",
      "provider": "provider[\"registry.terraform.io/hashicorp/aws\"]",
      "instances": [
        {
          "schema_version": 1,
          "attributes": {
            "arn": "arn:aws:ec2:us-east-1:154542059199:key-pair/deployer-key",
            "fingerprint": "95:81:60:89:c6:15:ff:00:9d:28:e5:2f:1b:f7:ac:90",
            "id": "deployer-key",
            "key_name": "deployer-key",
            "key_name_prefix": null,
            "key_pair_id": "key-05be814252d20c0c0",
            "public_key": "ssh-rsa AAAAB3NzaC1yc2EAAAABJQAAAQEAn8D7Nkhyc7qZ0mZ7lIO236gB0KcPzLYrmBg6T8UXWUDkLW4j/HQYBf6jIdtkd5QJ+F5Z53H8tQ/dv3F+QmSTHkBV6IASY+ugWGVCN7XImjxuiSgBxZ70MzK4TNcx7j/finVMFptl2qdWeZyvUtWYldFMgqlGmXDBtEydt8g6tqkX1Saq0YmMU7uXE6TRJHPFoGsyLbBbiVjDIx9YPdVpgjs7ZyRSQ2BNQEb6NaSsVOvW5R1+ceBITLX9n7tmzE0jJ4tnl1zR/m2/fiWWkdPT/jWeanlEXlAQR2cU09XjFfdRPVfUDTtE2r9mPk8tcJpJ+LhShpB9Rzwd4jnAAYZEYQ== rsa-key-20200812",
            "tags": null
          },
          "private": "eyJzY2hlbWFfdmVyc2lvbiI6IjEifQ=="
        }
      ]
    }
  ]
}
