{
  "version": 4,
  "terraform_version": "0.12.28",
  "serial": 8,
  "lineage": "cb265a83-59b6-fa6e-695f-3e845e3aec88",
  "outputs": {},
  "resources": [
    {
      "mode": "data",
      "type": "archive_file",
      "name": "welcome",
      "provider": "provider.archive",
      "instances": [
        {
          "schema_version": 0,
          "attributes": {
            "excludes": null,
            "id": "c7219307a91ee8aaf8bafef059745b3c37f58265",
            "output_base64sha256": "WynRA0ZqALtAWmSLeqXVM9r0vVLFziRZzQMxGIYRmz4=",
            "output_md5": "282ca9c1fd042afde7ae5b552b1dac99",
            "output_path": "outputs/welcome.zip",
            "output_sha": "c7219307a91ee8aaf8bafef059745b3c37f58265",
            "output_size": 177,
            "source": [],
            "source_content": null,
            "source_content_filename": null,
            "source_dir": null,
            "source_file": "welcome.py",
            "type": "zip"
          }
        }
      ]
    },
    {
      "mode": "data",
      "type": "aws_iam_policy_document",
      "name": "cloudwatch_log_group_access_document",
      "provider": "provider.aws",
      "instances": [
        {
          "schema_version": 0,
          "attributes": {
            "id": "1951873016",
            "json": "{\n  \"Version\": \"2012-10-17\",\n  \"Statement\": [\n    {\n      \"Sid\": \"\",\n      \"Effect\": \"Allow\",\n      \"Action\": [\n        \"logs:PutLogEvents\",\n        \"logs:CreateLogStream\",\n        \"logs:CreateLogGroup\"\n      ],\n      \"Resource\": \"arn:aws:logs:::*\"\n    }\n  ]\n}",
            "override_json": null,
            "policy_id": null,
            "source_json": null,
            "statement": [
              {
                "actions": [
                  "logs:CreateLogGroup",
                  "logs:CreateLogStream",
                  "logs:PutLogEvents"
                ],
                "condition": [],
                "effect": "Allow",
                "not_actions": [],
                "not_principals": [],
                "not_resources": [],
                "principals": [],
                "resources": [
                  "arn:aws:logs:::*"
                ],
                "sid": ""
              }
            ],
            "version": "2012-10-17"
          }
        }
      ]
    },
    {
      "mode": "managed",
      "type": "aws_cloudwatch_log_group",
      "name": "log_mc23101994",
      "provider": "provider.aws",
      "instances": [
        {
          "schema_version": 0,
          "attributes": {
            "arn": "arn:aws:logs:us-east-1:500680836548:log-group:/aws/lambda/java_lambda_function:*",
            "id": "/aws/lambda/java_lambda_function",
            "kms_key_id": "",
            "name": "/aws/lambda/java_lambda_function",
            "name_prefix": null,
            "retention_in_days": 0,
            "tags": null
          },
          "private": "bnVsbA=="
        }
      ]
    },
    {
      "mode": "managed",
      "type": "aws_iam_policy",
      "name": "iam_policy_mc23101994",
      "provider": "provider.aws",
      "instances": [
        {
          "schema_version": 0,
          "attributes": {
            "arn": "arn:aws:iam::500680836548:policy/lambda-invoke-policy",
            "description": "",
            "id": "arn:aws:iam::500680836548:policy/lambda-invoke-policy",
            "name": "lambda-invoke-policy",
            "name_prefix": null,
            "path": "/",
            "policy": "{\n    \"Version\": \"2012-10-17\",\n    \"Statement\": [\n      {\n        \"Sid\": \"LambdaPolicy\",\n        \"Effect\": \"Allow\",\n        \"Action\": [\n          \"cloudwatch:PutMetricData\",\n          \"ec2:DescribeNetworkInterfaces\",\n          \"ec2:CreateNetworkInterface\",\n          \"ec2:DeleteNetworkInterface\",\n          \"logs:CreateLogStream\",\n          \"logs:PutLogEvents\",\n          \"xray:PutTelemetryRecords\",\n          \"xray:PutTraceSegments\"\n        ],\n        \"Resource\": \"*\"\n      }\n    ]\n  }\n"
          },
          "private": "bnVsbA=="
        }
      ]
    },
    {
      "mode": "managed",
      "type": "aws_iam_role",
      "name": "iam_role_mc23101994",
      "provider": "provider.aws",
      "instances": [
        {
          "schema_version": 0,
          "attributes": {
            "arn": "arn:aws:iam::500680836548:role/lambda-invoke-role",
            "assume_role_policy": "{\"Version\":\"2012-10-17\",\"Statement\":[{\"Sid\":\"\",\"Effect\":\"Allow\",\"Principal\":{\"Service\":\"lambda.amazonaws.com\"},\"Action\":\"sts:AssumeRole\"}]}",
            "create_date": "2020-07-09T13:42:48Z",
            "description": "",
            "force_detach_policies": false,
            "id": "lambda-invoke-role",
            "max_session_duration": 3600,
            "name": "lambda-invoke-role",
            "name_prefix": null,
            "path": "/",
            "permissions_boundary": null,
            "tags": null,
            "unique_id": "AROAXJEXHIXCGEMPLMUQZ"
          },
          "private": "bnVsbA=="
        }
      ]
    },
    {
      "mode": "managed",
      "type": "aws_iam_role_policy_attachment",
      "name": "aws_iam_role_policy_mc23101994",
      "provider": "provider.aws",
      "instances": [
        {
          "schema_version": 0,
          "attributes": {
            "id": "lambda-invoke-role-20200709134251824900000001",
            "policy_arn": "arn:aws:iam::500680836548:policy/lambda-invoke-policy",
            "role": "lambda-invoke-role"
          },
          "private": "bnVsbA==",
          "dependencies": [
            "aws_iam_policy.iam_policy_mc23101994",
            "aws_iam_role.iam_role_mc23101994"
          ]
        }
      ]
    },
    {
      "mode": "managed",
      "type": "aws_lambda_function",
      "name": "python_lambda_function",
      "provider": "provider.aws",
      "instances": [
        {
          "schema_version": 0,
          "attributes": {
            "arn": "arn:aws:lambda:us-east-1:500680836548:function:python_mainak2310",
            "dead_letter_config": [],
            "description": "",
            "environment": [],
            "file_system_config": [],
            "filename": "outputs/welcome.zip",
            "function_name": "python_mainak2310",
            "handler": "welcome.hello",
            "id": "python_mainak2310",
            "invoke_arn": "arn:aws:apigateway:us-east-1:lambda:path/2015-03-31/functions/arn:aws:lambda:us-east-1:500680836548:function:python_mainak2310/invocations",
            "kms_key_arn": "",
            "last_modified": "2020-07-09T13:42:59.429+0000",
            "layers": null,
            "memory_size": 256,
            "publish": false,
            "qualified_arn": "arn:aws:lambda:us-east-1:500680836548:function:python_mainak2310:$LATEST",
            "reserved_concurrent_executions": -1,
            "role": "arn:aws:iam::500680836548:role/lambda-invoke-role",
            "runtime": "python3.7",
            "s3_bucket": null,
            "s3_key": null,
            "s3_object_version": null,
            "source_code_hash": "WynRA0ZqALtAWmSLeqXVM9r0vVLFziRZzQMxGIYRmz4=",
            "source_code_size": 177,
            "tags": null,
            "timeout": 60,
            "timeouts": null,
            "tracing_config": [
              {
                "mode": "PassThrough"
              }
            ],
            "version": "$LATEST",
            "vpc_config": [
              {
                "security_group_ids": [
                  "sg-0b0cf0ad734d637b4"
                ],
                "subnet_ids": [
                  "subnet-08acf47b4152a2407"
                ],
                "vpc_id": "vpc-0f58e51c31c670e54"
              }
            ]
          },
          "private": "eyJlMmJmYjczMC1lY2FhLTExZTYtOGY4OC0zNDM2M2JjN2M0YzAiOnsiY3JlYXRlIjo2MDAwMDAwMDAwMDB9fQ==",
          "dependencies": [
            "aws_cloudwatch_log_group.log_mc23101994",
            "aws_iam_role.iam_role_mc23101994"
          ]
        }
      ]
    }
  ]
}
