{
  "version": 4,
  "terraform_version": "0.13.2",
  "serial": 75,
  "lineage": "38e0de27-b72f-783e-c9f0-515b3316883c",
  "outputs": {},
  "resources": [
    {
      "mode": "data",
      "type": "aws_caller_identity",
      "name": "current",
      "provider": "provider[\"registry.terraform.io/hashicorp/aws\"]",
      "instances": [
        {
          "schema_version": 0,
          "attributes": {
            "account_id": "154542059199",
            "arn": "arn:aws:iam::154542059199:root",
            "id": "2020-09-09 12:41:10.1519761 +0000 UTC",
            "user_id": "154542059199"
          }
        }
      ]
    },
    {
      "mode": "managed",
      "type": "aws_ami_from_instance",
      "name": "ami",
      "provider": "provider[\"registry.terraform.io/hashicorp/aws\"]",
      "instances": [
        {
          "index_key": 0,
          "schema_version": 0,
          "attributes": {
            "architecture": "x86_64",
            "arn": "arn:aws:ec2:us-east-1::image/ami-03e6023cbba598c18",
            "description": "",
            "ebs_block_device": [
              {
                "delete_on_termination": false,
                "device_name": "/dev/sdf",
                "encrypted": true,
                "iops": 0,
                "snapshot_id": "snap-059114990fb3fd213",
                "volume_size": 5,
                "volume_type": "gp2"
              },
              {
                "delete_on_termination": true,
                "device_name": "/dev/xvda",
                "encrypted": true,
                "iops": 0,
                "snapshot_id": "snap-0dbb5ace87f7cd2ab",
                "volume_size": 10,
                "volume_type": "gp2"
              }
            ],
            "ena_support": true,
            "ephemeral_block_device": [],
            "id": "ami-03e6023cbba598c18",
            "image_location": "154542059199/Nile-EC2-autoscale",
            "kernel_id": "",
            "manage_ebs_snapshots": true,
            "name": "Nile-EC2-autoscale",
            "ramdisk_id": "",
            "root_device_name": "/dev/xvda",
            "root_snapshot_id": "snap-0dbb5ace87f7cd2ab",
            "snapshot_without_reboot": null,
            "source_instance_id": "i-0c4bfef44428eccf0",
            "sriov_net_support": "simple",
            "tags": null,
            "timeouts": null,
            "virtualization_type": "hvm"
          },
          "private": "eyJlMmJmYjczMC1lY2FhLTExZTYtOGY4OC0zNDM2M2JjN2M0YzAiOnsiY3JlYXRlIjoyNDAwMDAwMDAwMDAwLCJkZWxldGUiOjU0MDAwMDAwMDAwMDAsInVwZGF0ZSI6MjQwMDAwMDAwMDAwMH19",
          "dependencies": [
            "module.ec2_mod_for_features.aws_iam_instance_profile.iam_instance_profile",
            "module.ec2_mod_for_features.aws_iam_role.test_role",
            "module.ec2_mod_for_features.aws_instance.ec2",
            "module.ec2_mod_for_features.aws_key_pair.nile-key",
            "module.ec2_mod_for_features.aws_placement_group.ec2-placement_strategy",
            "module.ec2_mod_for_features.aws_security_group.sg"
          ],
          "create_before_destroy": true
        }
      ]
    },
    {
      "mode": "managed",
      "type": "aws_autoscaling_attachment",
      "name": "asg_attachment_bar",
      "provider": "provider[\"registry.terraform.io/hashicorp/aws\"]",
      "instances": [
        {
          "index_key": 0,
          "schema_version": 0,
          "attributes": {
            "alb_target_group_arn": "arn:aws:elasticloadbalancing:us-east-1:154542059199:targetgroup/Nile-Target-Group/425df7c1386cda72",
            "autoscaling_group_name": "terraform-lc-example-",
            "elb": null,
            "id": "terraform-lc-example--20200909124614063400000001"
          },
          "private": "bnVsbA==",
          "dependencies": [
            "aws_ami_from_instance.ami",
            "aws_autoscaling_group.niledemo",
            "aws_launch_configuration.as_conf",
            "module.ec2_mod_for_features.aws_iam_instance_profile.iam_instance_profile",
            "module.ec2_mod_for_features.aws_iam_role.test_role",
            "module.ec2_mod_for_features.aws_instance.ec2",
            "module.ec2_mod_for_features.aws_key_pair.nile-key",
            "module.ec2_mod_for_features.aws_placement_group.ec2-placement_strategy",
            "module.ec2_mod_for_features.aws_security_group.sg"
          ]
        }
      ]
    },
    {
      "mode": "managed",
      "type": "aws_autoscaling_group",
      "name": "niledemo",
      "provider": "provider[\"registry.terraform.io/hashicorp/aws\"]",
      "instances": [
        {
          "index_key": 0,
          "schema_version": 0,
          "attributes": {
            "arn": "arn:aws:autoscaling:us-east-1:154542059199:autoScalingGroup:fda6caea-5707-4c43-b58e-042edd64d649:autoScalingGroupName/terraform-lc-example-",
            "availability_zones": [
              "us-east-1a"
            ],
            "default_cooldown": 300,
            "desired_capacity": 1,
            "enabled_metrics": null,
            "force_delete": false,
            "health_check_grace_period": 300,
            "health_check_type": "EC2",
            "id": "terraform-lc-example-",
            "initial_lifecycle_hook": [],
            "launch_configuration": "Nile autoscale",
            "launch_template": [],
            "load_balancers": null,
            "max_instance_lifetime": 0,
            "max_size": 3,
            "metrics_granularity": "1Minute",
            "min_elb_capacity": null,
            "min_size": 1,
            "mixed_instances_policy": [],
            "name": "terraform-lc-example-",
            "name_prefix": null,
            "placement_group": "",
            "protect_from_scale_in": false,
            "service_linked_role_arn": "arn:aws:iam::154542059199:role/aws-service-role/autoscaling.amazonaws.com/AWSServiceRoleForAutoScaling",
            "suspended_processes": null,
            "tag": [],
            "tags": null,
            "target_group_arns": null,
            "termination_policies": null,
            "timeouts": null,
            "vpc_zone_identifier": [
              "subnet-8854f7a9"
            ],
            "wait_for_capacity_timeout": "10m",
            "wait_for_elb_capacity": null
          },
          "private": "eyJlMmJmYjczMC1lY2FhLTExZTYtOGY4OC0zNDM2M2JjN2M0YzAiOnsiZGVsZXRlIjo2MDAwMDAwMDAwMDB9fQ==",
          "dependencies": [
            "aws_ami_from_instance.ami",
            "aws_launch_configuration.as_conf",
            "module.ec2_mod_for_features.aws_iam_instance_profile.iam_instance_profile",
            "module.ec2_mod_for_features.aws_iam_role.test_role",
            "module.ec2_mod_for_features.aws_instance.ec2",
            "module.ec2_mod_for_features.aws_key_pair.nile-key",
            "module.ec2_mod_for_features.aws_placement_group.ec2-placement_strategy",
            "module.ec2_mod_for_features.aws_security_group.sg"
          ],
          "create_before_destroy": true
        }
      ]
    },
    {
      "mode": "managed",
      "type": "aws_ebs_snapshot",
      "name": "nile-ec2-snapshot",
      "provider": "provider[\"registry.terraform.io/hashicorp/aws\"]",
      "instances": [
        {
          "index_key": 0,
          "schema_version": 0,
          "attributes": {
            "arn": "arn:aws:ec2:us-east-1::snapshot/snap-0f48b5abbf2533d8c",
            "data_encryption_key_id": "",
            "description": "aws-ebs-snapshot",
            "encrypted": true,
            "id": "snap-0f48b5abbf2533d8c",
            "kms_key_id": "arn:aws:kms:us-east-1:154542059199:key/38412acc-c75e-4d86-bb5d-b94115979704",
            "owner_alias": "",
            "owner_id": "154542059199",
            "tags": {
              "Name": "demo_ebs_volume_snap"
            },
            "timeouts": null,
            "volume_id": "vol-0397dc0365aa0fb2f",
            "volume_size": 5
          },
          "private": "eyJlMmJmYjczMC1lY2FhLTExZTYtOGY4OC0zNDM2M2JjN2M0YzAiOnsiY3JlYXRlIjo2MDAwMDAwMDAwMDAsImRlbGV0ZSI6NjAwMDAwMDAwMDAwfX0=",
          "dependencies": [
            "module.ec2_mod_for_features.aws_iam_instance_profile.iam_instance_profile",
            "module.ec2_mod_for_features.aws_iam_role.test_role",
            "module.ec2_mod_for_features.aws_instance.ec2",
            "module.ec2_mod_for_features.aws_key_pair.nile-key",
            "module.ec2_mod_for_features.aws_placement_group.ec2-placement_strategy",
            "module.ec2_mod_for_features.aws_security_group.sg"
          ]
        }
      ]
    },
    {
      "mode": "managed",
      "type": "aws_eip",
      "name": "nile_eip",
      "provider": "provider[\"registry.terraform.io/hashicorp/aws\"]",
      "instances": [
        {
          "index_key": 0,
          "schema_version": 0,
          "attributes": {
            "allocation_id": null,
            "associate_with_private_ip": null,
            "association_id": "eipassoc-07cba369392a2a606",
            "customer_owned_ip": "",
            "customer_owned_ipv4_pool": "",
            "domain": "vpc",
            "id": "eipalloc-0acc3aeac2f08d778",
            "instance": "i-0c4bfef44428eccf0",
            "network_interface": "eni-08365b9c2243aab5c",
            "private_dns": "ip-172-31-90-254.ec2.internal",
            "private_ip": "172.31.90.254",
            "public_dns": "ec2-50-17-133-105.compute-1.amazonaws.com",
            "public_ip": "50.17.133.105",
            "public_ipv4_pool": "amazon",
            "tags": {
              "Name": "Demo EIP"
            },
            "timeouts": null,
            "vpc": true
          },
          "private": "eyJlMmJmYjczMC1lY2FhLTExZTYtOGY4OC0zNDM2M2JjN2M0YzAiOnsiZGVsZXRlIjoxODAwMDAwMDAwMDAsInJlYWQiOjkwMDAwMDAwMDAwMCwidXBkYXRlIjozMDAwMDAwMDAwMDB9fQ==",
          "dependencies": [
            "module.ec2_mod_for_features.aws_iam_instance_profile.iam_instance_profile",
            "module.ec2_mod_for_features.aws_iam_role.test_role",
            "module.ec2_mod_for_features.aws_instance.ec2",
            "module.ec2_mod_for_features.aws_key_pair.nile-key",
            "module.ec2_mod_for_features.aws_placement_group.ec2-placement_strategy",
            "module.ec2_mod_for_features.aws_security_group.sg"
          ]
        }
      ]
    },
    {
      "mode": "managed",
      "type": "aws_eip_association",
      "name": "nile_eip_association",
      "provider": "provider[\"registry.terraform.io/hashicorp/aws\"]",
      "instances": [
        {
          "index_key": 0,
          "schema_version": 0,
          "attributes": {
            "allocation_id": "eipalloc-0acc3aeac2f08d778",
            "allow_reassociation": true,
            "id": "eipassoc-07cba369392a2a606",
            "instance_id": "i-0c4bfef44428eccf0",
            "network_interface_id": "eni-08365b9c2243aab5c",
            "private_ip_address": "172.31.90.254",
            "public_ip": "50.17.133.105"
          },
          "private": "bnVsbA==",
          "dependencies": [
            "aws_eip.nile_eip",
            "module.ec2_mod_for_features.aws_iam_instance_profile.iam_instance_profile",
            "module.ec2_mod_for_features.aws_iam_role.test_role",
            "module.ec2_mod_for_features.aws_instance.ec2",
            "module.ec2_mod_for_features.aws_key_pair.nile-key",
            "module.ec2_mod_for_features.aws_placement_group.ec2-placement_strategy",
            "module.ec2_mod_for_features.aws_security_group.sg"
          ]
        }
      ]
    },
    {
      "mode": "managed",
      "type": "aws_launch_configuration",
      "name": "as_conf",
      "provider": "provider[\"registry.terraform.io/hashicorp/aws\"]",
      "instances": [
        {
          "index_key": 0,
          "schema_version": 0,
          "attributes": {
            "arn": "arn:aws:autoscaling:us-east-1:154542059199:launchConfiguration:b4027589-a552-4ed2-8e87-736355a3f222:launchConfigurationName/Nile autoscale",
            "associate_public_ip_address": false,
            "ebs_block_device": [],
            "ebs_optimized": false,
            "enable_monitoring": true,
            "ephemeral_block_device": [],
            "iam_instance_profile": "",
            "id": "Nile autoscale",
            "image_id": "ami-03e6023cbba598c18",
            "instance_type": "t2.micro",
            "key_name": "",
            "name": "Nile autoscale",
            "name_prefix": null,
            "placement_tenancy": null,
            "root_block_device": [],
            "security_groups": null,
            "spot_price": "",
            "user_data": null,
            "user_data_base64": null,
            "vpc_classic_link_id": "",
            "vpc_classic_link_security_groups": null
          },
          "private": "bnVsbA==",
          "dependencies": [
            "aws_ami_from_instance.ami",
            "module.ec2_mod_for_features.aws_iam_instance_profile.iam_instance_profile",
            "module.ec2_mod_for_features.aws_iam_role.test_role",
            "module.ec2_mod_for_features.aws_instance.ec2",
            "module.ec2_mod_for_features.aws_key_pair.nile-key",
            "module.ec2_mod_for_features.aws_placement_group.ec2-placement_strategy",
            "module.ec2_mod_for_features.aws_security_group.sg"
          ],
          "create_before_destroy": true
        }
      ]
    },
    {
      "module": "module.ec2_mod_for_features[0]",
      "mode": "data",
      "type": "aws_caller_identity",
      "name": "current",
      "provider": "provider[\"registry.terraform.io/hashicorp/aws\"]",
      "instances": [
        {
          "schema_version": 0,
          "attributes": {
            "account_id": "154542059199",
            "arn": "arn:aws:iam::154542059199:root",
            "id": "2020-09-09 12:41:10.1838616 +0000 UTC",
            "user_id": "154542059199"
          }
        }
      ]
    },
    {
      "module": "module.ec2_mod_for_features[0]",
      "mode": "managed",
      "type": "aws_iam_instance_profile",
      "name": "iam_instance_profile",
      "provider": "provider[\"registry.terraform.io/hashicorp/aws\"]",
      "instances": [
        {
          "schema_version": 0,
          "attributes": {
            "arn": "arn:aws:iam::154542059199:instance-profile/nile-profile-3",
            "create_date": "2020-09-09T12:41:26Z",
            "id": "nile-profile-3",
            "name": "nile-profile-3",
            "name_prefix": null,
            "path": "/",
            "role": "test_role",
            "unique_id": "AIPASH63MV27Z2TVYYH3T"
          },
          "private": "bnVsbA==",
          "dependencies": [
            "module.ec2_mod_for_features.aws_iam_role.test_role"
          ],
          "create_before_destroy": true
        }
      ]
    },
    {
      "module": "module.ec2_mod_for_features[0]",
      "mode": "managed",
      "type": "aws_iam_role",
      "name": "test_role",
      "provider": "provider[\"registry.terraform.io/hashicorp/aws\"]",
      "instances": [
        {
          "schema_version": 0,
          "attributes": {
            "arn": "arn:aws:iam::154542059199:role/test_role",
            "assume_role_policy": "{\"Version\":\"2012-10-17\",\"Statement\":[{\"Sid\":\"\",\"Effect\":\"Allow\",\"Principal\":{\"Service\":\"ec2.amazonaws.com\"},\"Action\":\"sts:AssumeRole\"}]}",
            "create_date": "2020-09-09T12:41:24Z",
            "description": "",
            "force_detach_policies": false,
            "id": "test_role",
            "max_session_duration": 3600,
            "name": "test_role",
            "name_prefix": null,
            "path": "/",
            "permissions_boundary": null,
            "tags": {
              "tag-key": "tag-value"
            },
            "unique_id": "AROASH63MV27TNFJMFEXI"
          },
          "private": "bnVsbA==",
          "create_before_destroy": true
        }
      ]
    },
    {
      "module": "module.ec2_mod_for_features[0]",
      "mode": "managed",
      "type": "aws_instance",
      "name": "ec2",
      "provider": "provider[\"registry.terraform.io/hashicorp/aws\"]",
      "instances": [
        {
          "index_key": 0,
          "schema_version": 1,
          "attributes": {
            "ami": "ami-02354e95b39ca8dec",
            "arn": "arn:aws:ec2:us-east-1:154542059199:instance/i-0c4bfef44428eccf0",
            "associate_public_ip_address": true,
            "availability_zone": "us-east-1a",
            "cpu_core_count": 1,
            "cpu_threads_per_core": 1,
            "credit_specification": [
              {
                "cpu_credits": "standard"
              }
            ],
            "disable_api_termination": false,
            "ebs_block_device": [
              {
                "delete_on_termination": false,
                "device_name": "/dev/sdf",
                "encrypted": true,
                "iops": 100,
                "kms_key_id": "arn:aws:kms:us-east-1:154542059199:key/38412acc-c75e-4d86-bb5d-b94115979704",
                "snapshot_id": "",
                "volume_id": "vol-0397dc0365aa0fb2f",
                "volume_size": 5,
                "volume_type": "gp2"
              }
            ],
            "ebs_optimized": false,
            "ephemeral_block_device": [],
            "get_password_data": false,
            "hibernation": false,
            "host_id": null,
            "iam_instance_profile": "nile-profile-3",
            "id": "i-0c4bfef44428eccf0",
            "instance_initiated_shutdown_behavior": "",
            "instance_state": "running",
            "instance_type": "t2.micro",
            "ipv6_address_count": 0,
            "ipv6_addresses": [],
            "key_name": "deployer-key",
            "metadata_options": [
              {
                "http_endpoint": "enabled",
                "http_put_response_hop_limit": 1,
                "http_tokens": "optional"
              }
            ],
            "monitoring": false,
            "network_interface": [],
            "outpost_arn": "",
            "password_data": "",
            "placement_group": "EC2_placement_group",
            "primary_network_interface_id": "eni-08365b9c2243aab5c",
            "private_dns": "ip-172-31-90-254.ec2.internal",
            "private_ip": "172.31.90.254",
            "public_dns": "ec2-54-89-208-202.compute-1.amazonaws.com",
            "public_ip": "54.89.208.202",
            "root_block_device": [
              {
                "delete_on_termination": true,
                "device_name": "/dev/xvda",
                "encrypted": true,
                "iops": 100,
                "kms_key_id": "arn:aws:kms:us-east-1:154542059199:key/38412acc-c75e-4d86-bb5d-b94115979704",
                "volume_id": "vol-0e3b8035de4e4b279",
                "volume_size": 10,
                "volume_type": "gp2"
              }
            ],
            "secondary_private_ips": [],
            "security_groups": [
              "terraform-20200909122744052600000001"
            ],
            "source_dest_check": true,
            "subnet_id": "subnet-8854f7a9",
            "tags": {
              "Name": "Nile-"
            },
            "tenancy": "default",
            "timeouts": null,
            "user_data": "ae4ec7b3c5deb82bd55528fc0d75abb3886651b5",
            "user_data_base64": null,
            "volume_tags": {
              "Name": "Nile-"
            },
            "vpc_security_group_ids": [
              "sg-01a6b91f649afcf5b"
            ]
          },
          "private": "eyJlMmJmYjczMC1lY2FhLTExZTYtOGY4OC0zNDM2M2JjN2M0YzAiOnsiY3JlYXRlIjo2MDAwMDAwMDAwMDAsImRlbGV0ZSI6MTIwMDAwMDAwMDAwMCwidXBkYXRlIjo2MDAwMDAwMDAwMDB9LCJzY2hlbWFfdmVyc2lvbiI6IjEifQ==",
          "dependencies": [
            "module.ec2_mod_for_features.aws_iam_instance_profile.iam_instance_profile",
            "module.ec2_mod_for_features.aws_iam_role.test_role",
            "module.ec2_mod_for_features.aws_key_pair.nile-key",
            "module.ec2_mod_for_features.aws_placement_group.ec2-placement_strategy",
            "module.ec2_mod_for_features.aws_security_group.sg"
          ],
          "create_before_destroy": true
        }
      ]
    },
    {
      "module": "module.ec2_mod_for_features[0]",
      "mode": "managed",
      "type": "aws_key_pair",
      "name": "nile-key",
      "provider": "provider[\"registry.terraform.io/hashicorp/aws\"]",
      "instances": [
        {
          "schema_version": 1,
          "attributes": {
            "arn": "arn:aws:ec2:us-east-1:154542059199:key-pair/deployer-key",
            "fingerprint": "95:81:60:89:c6:15:ff:00:9d:28:e5:2f:1b:f7:ac:90",
            "id": "deployer-key",
            "key_name": "deployer-key",
            "key_name_prefix": null,
            "key_pair_id": "key-0dbef780513e9012a",
            "public_key": "ssh-rsa AAAAB3NzaC1yc2EAAAABJQAAAQEAn8D7Nkhyc7qZ0mZ7lIO236gB0KcPzLYrmBg6T8UXWUDkLW4j/HQYBf6jIdtkd5QJ+F5Z53H8tQ/dv3F+QmSTHkBV6IASY+ugWGVCN7XImjxuiSgBxZ70MzK4TNcx7j/finVMFptl2qdWeZyvUtWYldFMgqlGmXDBtEydt8g6tqkX1Saq0YmMU7uXE6TRJHPFoGsyLbBbiVjDIx9YPdVpgjs7ZyRSQ2BNQEb6NaSsVOvW5R1+ceBITLX9n7tmzE0jJ4tnl1zR/m2/fiWWkdPT/jWeanlEXlAQR2cU09XjFfdRPVfUDTtE2r9mPk8tcJpJ+LhShpB9Rzwd4jnAAYZEYQ== rsa-key-20200812",
            "tags": null
          },
          "private": "eyJzY2hlbWFfdmVyc2lvbiI6IjEifQ==",
          "create_before_destroy": true
        }
      ]
    },
    {
      "module": "module.ec2_mod_for_features[0]",
      "mode": "managed",
      "type": "aws_placement_group",
      "name": "ec2-placement_strategy",
      "provider": "provider[\"registry.terraform.io/hashicorp/aws\"]",
      "instances": [
        {
          "schema_version": 0,
          "attributes": {
            "arn": "arn:aws:ec2:us-east-1:154542059199:placement-group/EC2_placement_group",
            "id": "EC2_placement_group",
            "name": "EC2_placement_group",
            "placement_group_id": "pg-0e03d08790ab6d915",
            "strategy": "spread",
            "tags": null
          },
          "private": "bnVsbA==",
          "create_before_destroy": true
        }
      ]
    },
    {
      "module": "module.ec2_mod_for_features[0]",
      "mode": "managed",
      "type": "aws_security_group",
      "name": "sg",
      "provider": "provider[\"registry.terraform.io/hashicorp/aws\"]",
      "instances": [
        {
          "schema_version": 1,
          "attributes": {
            "arn": "arn:aws:ec2:us-east-1:154542059199:security-group/sg-01a6b91f649afcf5b",
            "description": "Managed by Terraform",
            "egress": [
              {
                "cidr_blocks": [
                  "0.0.0.0/0"
                ],
                "description": "",
                "from_port": 0,
                "ipv6_cidr_blocks": [],
                "prefix_list_ids": [],
                "protocol": "-1",
                "security_groups": [],
                "self": false,
                "to_port": 0
              }
            ],
            "id": "sg-01a6b91f649afcf5b",
            "ingress": [
              {
                "cidr_blocks": [
                  "0.0.0.0/0"
                ],
                "description": "",
                "from_port": 22,
                "ipv6_cidr_blocks": [],
                "prefix_list_ids": [],
                "protocol": "tcp",
                "security_groups": [],
                "self": false,
                "to_port": 22
              },
              {
                "cidr_blocks": [
                  "0.0.0.0/0"
                ],
                "description": "",
                "from_port": 443,
                "ipv6_cidr_blocks": [],
                "prefix_list_ids": [],
                "protocol": "tcp",
                "security_groups": [],
                "self": false,
                "to_port": 443
              },
              {
                "cidr_blocks": [
                  "0.0.0.0/0"
                ],
                "description": "",
                "from_port": 80,
                "ipv6_cidr_blocks": [],
                "prefix_list_ids": [],
                "protocol": "tcp",
                "security_groups": [],
                "self": false,
                "to_port": 80
              }
            ],
            "name": "terraform-20200909122744052600000001",
            "name_prefix": "",
            "owner_id": "154542059199",
            "revoke_rules_on_delete": false,
            "tags": {
              "Name": "Nile_EC2_SG"
            },
            "timeouts": null,
            "vpc_id": "vpc-4ebd4d33"
          },
          "private": "eyJlMmJmYjczMC1lY2FhLTExZTYtOGY4OC0zNDM2M2JjN2M0YzAiOnsiY3JlYXRlIjo2MDAwMDAwMDAwMDAsImRlbGV0ZSI6NjAwMDAwMDAwMDAwfSwic2NoZW1hX3ZlcnNpb24iOiIxIn0=",
          "create_before_destroy": true
        }
      ]
    }
  ]
}
