{
  "version": 4,
  "terraform_version": "0.13.2",
  "serial": 22,
  "lineage": "d0df8f41-2dd2-593c-142b-84e1b3732ad2",
  "outputs": {},
  "resources": [
    {
      "mode": "data",
      "type": "aws_caller_identity",
      "name": "current",
      "provider": "provider[\"registry.terraform.io/hashicorp/aws\"]",
      "instances": [
        {
          "schema_version": 0,
          "attributes": {
            "account_id": "154542059199",
            "arn": "arn:aws:iam::154542059199:root",
            "id": "2020-09-07 07:40:44.7922292 +0000 UTC",
            "user_id": "154542059199"
          }
        }
      ]
    },
    {
      "mode": "managed",
      "type": "aws_ami_from_instance",
      "name": "ami",
      "provider": "provider[\"registry.terraform.io/hashicorp/aws\"]",
      "instances": [
        {
          "index_key": 0,
          "schema_version": 0,
          "attributes": {
            "architecture": "x86_64",
            "arn": "arn:aws:ec2:us-east-1::image/ami-0292b36a59243fbed",
            "description": "",
            "ebs_block_device": [
              {
                "delete_on_termination": false,
                "device_name": "/dev/sdf",
                "encrypted": true,
                "iops": 0,
                "snapshot_id": "snap-0d9a4ff98daa37516",
                "volume_size": 5,
                "volume_type": "gp2"
              },
              {
                "delete_on_termination": false,
                "device_name": "/dev/sdg",
                "encrypted": true,
                "iops": 0,
                "snapshot_id": "snap-0fe0950098a3cca14",
                "volume_size": 5,
                "volume_type": "gp2"
              },
              {
                "delete_on_termination": true,
                "device_name": "/dev/xvda",
                "encrypted": true,
                "iops": 0,
                "snapshot_id": "snap-0333d63d21baceaf0",
                "volume_size": 10,
                "volume_type": "gp2"
              }
            ],
            "ena_support": true,
            "ephemeral_block_device": [],
            "id": "ami-0292b36a59243fbed",
            "image_location": "154542059199/Nile-EC2-autoscale",
            "kernel_id": "",
            "manage_ebs_snapshots": true,
            "name": "Nile-EC2-autoscale",
            "ramdisk_id": "",
            "root_device_name": "/dev/xvda",
            "root_snapshot_id": "snap-0333d63d21baceaf0",
            "snapshot_without_reboot": null,
            "source_instance_id": "i-01567be6a4142c1fb",
            "sriov_net_support": "simple",
            "tags": null,
            "timeouts": null,
            "virtualization_type": "hvm"
          },
          "private": "eyJlMmJmYjczMC1lY2FhLTExZTYtOGY4OC0zNDM2M2JjN2M0YzAiOnsiY3JlYXRlIjoyNDAwMDAwMDAwMDAwLCJkZWxldGUiOjU0MDAwMDAwMDAwMDAsInVwZGF0ZSI6MjQwMDAwMDAwMDAwMH19",
          "dependencies": [
            "module.ec2_mod_for_autoscale.aws_iam_instance_profile.iam_instance_profile",
            "module.ec2_mod_for_autoscale.aws_iam_role.test_role",
            "module.ec2_mod_for_autoscale.aws_instance.ec2",
            "module.ec2_mod_for_autoscale.aws_key_pair.nile-key",
            "module.ec2_mod_for_autoscale.aws_placement_group.ec2-placement_strategy",
            "module.ec2_mod_for_autoscale.aws_security_group.sg"
          ],
          "create_before_destroy": true
        }
      ]
    },
    {
      "mode": "managed",
      "type": "aws_autoscaling_group",
      "name": "niledemo",
      "provider": "provider[\"registry.terraform.io/hashicorp/aws\"]",
      "instances": [
        {
          "index_key": 0,
          "schema_version": 0,
          "attributes": {
            "arn": "arn:aws:autoscaling:us-east-1:154542059199:autoScalingGroup:533be9d3-767e-4f13-b01f-bc7f1ceb0fe1:autoScalingGroupName/terraform-lc-example-",
            "availability_zones": [
              "us-east-1a"
            ],
            "default_cooldown": 300,
            "desired_capacity": 1,
            "enabled_metrics": null,
            "force_delete": false,
            "health_check_grace_period": 300,
            "health_check_type": "EC2",
            "id": "terraform-lc-example-",
            "initial_lifecycle_hook": [],
            "launch_configuration": "Nile autoscale",
            "launch_template": [],
            "load_balancers": null,
            "max_instance_lifetime": 0,
            "max_size": 3,
            "metrics_granularity": "1Minute",
            "min_elb_capacity": null,
            "min_size": 1,
            "mixed_instances_policy": [],
            "name": "terraform-lc-example-",
            "name_prefix": null,
            "placement_group": "",
            "protect_from_scale_in": false,
            "service_linked_role_arn": "arn:aws:iam::154542059199:role/aws-service-role/autoscaling.amazonaws.com/AWSServiceRoleForAutoScaling",
            "suspended_processes": null,
            "tag": [],
            "tags": null,
            "target_group_arns": null,
            "termination_policies": null,
            "timeouts": null,
            "vpc_zone_identifier": [
              "subnet-8854f7a9"
            ],
            "wait_for_capacity_timeout": "10m",
            "wait_for_elb_capacity": null
          },
          "private": "eyJlMmJmYjczMC1lY2FhLTExZTYtOGY4OC0zNDM2M2JjN2M0YzAiOnsiZGVsZXRlIjo2MDAwMDAwMDAwMDB9fQ==",
          "dependencies": [
            "aws_ami_from_instance.ami",
            "aws_launch_configuration.as_conf",
            "module.ec2_mod_for_autoscale.aws_iam_instance_profile.iam_instance_profile",
            "module.ec2_mod_for_autoscale.aws_iam_role.test_role",
            "module.ec2_mod_for_autoscale.aws_instance.ec2",
            "module.ec2_mod_for_autoscale.aws_key_pair.nile-key",
            "module.ec2_mod_for_autoscale.aws_placement_group.ec2-placement_strategy",
            "module.ec2_mod_for_autoscale.aws_security_group.sg"
          ],
          "create_before_destroy": true
        }
      ]
    },
    {
      "mode": "managed",
      "type": "aws_launch_configuration",
      "name": "as_conf",
      "provider": "provider[\"registry.terraform.io/hashicorp/aws\"]",
      "instances": [
        {
          "index_key": 0,
          "schema_version": 0,
          "attributes": {
            "arn": "arn:aws:autoscaling:us-east-1:154542059199:launchConfiguration:6819bf7d-d794-466e-b31e-24520c15d7c1:launchConfigurationName/Nile autoscale",
            "associate_public_ip_address": false,
            "ebs_block_device": [],
            "ebs_optimized": false,
            "enable_monitoring": true,
            "ephemeral_block_device": [],
            "iam_instance_profile": "",
            "id": "Nile autoscale",
            "image_id": "ami-0292b36a59243fbed",
            "instance_type": "t2.micro",
            "key_name": "",
            "name": "Nile autoscale",
            "name_prefix": null,
            "placement_tenancy": null,
            "root_block_device": [],
            "security_groups": null,
            "spot_price": "",
            "user_data": null,
            "user_data_base64": null,
            "vpc_classic_link_id": "",
            "vpc_classic_link_security_groups": null
          },
          "private": "bnVsbA==",
          "dependencies": [
            "aws_ami_from_instance.ami",
            "module.ec2_mod_for_autoscale.aws_iam_instance_profile.iam_instance_profile",
            "module.ec2_mod_for_autoscale.aws_iam_role.test_role",
            "module.ec2_mod_for_autoscale.aws_instance.ec2",
            "module.ec2_mod_for_autoscale.aws_key_pair.nile-key",
            "module.ec2_mod_for_autoscale.aws_placement_group.ec2-placement_strategy",
            "module.ec2_mod_for_autoscale.aws_security_group.sg"
          ],
          "create_before_destroy": true
        }
      ]
    },
    {
      "module": "module.ec2_mod_for_autoscale[0]",
      "mode": "data",
      "type": "aws_caller_identity",
      "name": "current",
      "provider": "provider[\"registry.terraform.io/hashicorp/aws\"]",
      "instances": [
        {
          "schema_version": 0,
          "attributes": {
            "account_id": "154542059199",
            "arn": "arn:aws:iam::154542059199:root",
            "id": "2020-09-07 07:40:44.9874128 +0000 UTC",
            "user_id": "154542059199"
          }
        }
      ]
    },
    {
      "module": "module.ec2_mod_for_autoscale[0]",
      "mode": "managed",
      "type": "aws_iam_instance_profile",
      "name": "iam_instance_profile",
      "provider": "provider[\"registry.terraform.io/hashicorp/aws\"]",
      "instances": [
        {
          "schema_version": 0,
          "attributes": {
            "arn": "arn:aws:iam::154542059199:instance-profile/nile-profile",
            "create_date": "2020-09-07T07:41:03Z",
            "id": "nile-profile",
            "name": "nile-profile",
            "name_prefix": null,
            "path": "/",
            "role": "test_role",
            "unique_id": "AIPASH63MV2736YA2Y3EZ"
          },
          "private": "bnVsbA==",
          "dependencies": [
            "module.ec2_mod_for_autoscale.aws_iam_role.test_role"
          ],
          "create_before_destroy": true
        }
      ]
    },
    {
      "module": "module.ec2_mod_for_autoscale[0]",
      "mode": "managed",
      "type": "aws_iam_role",
      "name": "test_role",
      "provider": "provider[\"registry.terraform.io/hashicorp/aws\"]",
      "instances": [
        {
          "schema_version": 0,
          "attributes": {
            "arn": "arn:aws:iam::154542059199:role/test_role",
            "assume_role_policy": "{\"Version\":\"2012-10-17\",\"Statement\":[{\"Sid\":\"\",\"Effect\":\"Allow\",\"Principal\":{\"Service\":\"ec2.amazonaws.com\"},\"Action\":\"sts:AssumeRole\"}]}",
            "create_date": "2020-09-07T07:39:50Z",
            "description": "",
            "force_detach_policies": false,
            "id": "test_role",
            "max_session_duration": 3600,
            "name": "test_role",
            "name_prefix": null,
            "path": "/",
            "permissions_boundary": null,
            "tags": {
              "tag-key": "tag-value"
            },
            "unique_id": "AROASH63MV27U5JXWRF2D"
          },
          "private": "bnVsbA==",
          "create_before_destroy": true
        }
      ]
    },
    {
      "module": "module.ec2_mod_for_autoscale[0]",
      "mode": "managed",
      "type": "aws_instance",
      "name": "ec2",
      "provider": "provider[\"registry.terraform.io/hashicorp/aws\"]",
      "instances": [
        {
          "index_key": 0,
          "schema_version": 1,
          "attributes": {
            "ami": "ami-02354e95b39ca8dec",
            "arn": "arn:aws:ec2:us-east-1:154542059199:instance/i-01567be6a4142c1fb",
            "associate_public_ip_address": true,
            "availability_zone": "us-east-1a",
            "cpu_core_count": 1,
            "cpu_threads_per_core": 1,
            "credit_specification": [
              {
                "cpu_credits": "standard"
              }
            ],
            "disable_api_termination": false,
            "ebs_block_device": [
              {
                "delete_on_termination": false,
                "device_name": "/dev/sdf",
                "encrypted": true,
                "iops": 100,
                "kms_key_id": "arn:aws:kms:us-east-1:154542059199:key/38412acc-c75e-4d86-bb5d-b94115979704",
                "snapshot_id": "",
                "volume_id": "vol-0dd6ec583f90c22c2",
                "volume_size": 5,
                "volume_type": "gp2"
              },
              {
                "delete_on_termination": false,
                "device_name": "/dev/sdg",
                "encrypted": true,
                "iops": 100,
                "kms_key_id": "arn:aws:kms:us-east-1:154542059199:key/38412acc-c75e-4d86-bb5d-b94115979704",
                "snapshot_id": "",
                "volume_id": "vol-0480f4b71a4ec0dfb",
                "volume_size": 5,
                "volume_type": "gp2"
              }
            ],
            "ebs_optimized": false,
            "ephemeral_block_device": [],
            "get_password_data": false,
            "hibernation": false,
            "host_id": null,
            "iam_instance_profile": "nile-profile",
            "id": "i-01567be6a4142c1fb",
            "instance_initiated_shutdown_behavior": "",
            "instance_state": "running",
            "instance_type": "t2.micro",
            "ipv6_address_count": 0,
            "ipv6_addresses": [],
            "key_name": "deployer-key",
            "metadata_options": [
              {
                "http_endpoint": "enabled",
                "http_put_response_hop_limit": 1,
                "http_tokens": "optional"
              }
            ],
            "monitoring": false,
            "network_interface": [],
            "outpost_arn": "",
            "password_data": "",
            "placement_group": "EC2_placement_group",
            "primary_network_interface_id": "eni-03dbbd9b1fe280393",
            "private_dns": "ip-172-31-93-255.ec2.internal",
            "private_ip": "172.31.93.255",
            "public_dns": "ec2-52-70-91-141.compute-1.amazonaws.com",
            "public_ip": "52.70.91.141",
            "root_block_device": [
              {
                "delete_on_termination": true,
                "device_name": "/dev/xvda",
                "encrypted": true,
                "iops": 100,
                "kms_key_id": "arn:aws:kms:us-east-1:154542059199:key/38412acc-c75e-4d86-bb5d-b94115979704",
                "volume_id": "vol-0431b98eadd0df9c4",
                "volume_size": 10,
                "volume_type": "gp2"
              }
            ],
            "secondary_private_ips": [],
            "security_groups": [
              "terraform-20200907073530788500000001"
            ],
            "source_dest_check": true,
            "subnet_id": "subnet-8854f7a9",
            "tags": {
              "Name": "Nile--1"
            },
            "tenancy": "default",
            "timeouts": null,
            "user_data": "ae4ec7b3c5deb82bd55528fc0d75abb3886651b5",
            "user_data_base64": null,
            "volume_tags": {
              "Name": "Nile--1"
            },
            "vpc_security_group_ids": [
              "sg-073b465bec4e35a37"
            ]
          },
          "private": "eyJlMmJmYjczMC1lY2FhLTExZTYtOGY4OC0zNDM2M2JjN2M0YzAiOnsiY3JlYXRlIjo2MDAwMDAwMDAwMDAsImRlbGV0ZSI6MTIwMDAwMDAwMDAwMCwidXBkYXRlIjo2MDAwMDAwMDAwMDB9LCJzY2hlbWFfdmVyc2lvbiI6IjEifQ==",
          "dependencies": [
            "module.ec2_mod_for_autoscale.aws_iam_instance_profile.iam_instance_profile",
            "module.ec2_mod_for_autoscale.aws_iam_role.test_role",
            "module.ec2_mod_for_autoscale.aws_key_pair.nile-key",
            "module.ec2_mod_for_autoscale.aws_placement_group.ec2-placement_strategy",
            "module.ec2_mod_for_autoscale.aws_security_group.sg"
          ],
          "create_before_destroy": true
        },
        {
          "index_key": 1,
          "schema_version": 1,
          "attributes": {
            "ami": "ami-02354e95b39ca8dec",
            "arn": "arn:aws:ec2:us-east-1:154542059199:instance/i-098547581bbf38250",
            "associate_public_ip_address": true,
            "availability_zone": "us-east-1f",
            "cpu_core_count": 1,
            "cpu_threads_per_core": 1,
            "credit_specification": [
              {
                "cpu_credits": "standard"
              }
            ],
            "disable_api_termination": false,
            "ebs_block_device": [
              {
                "delete_on_termination": false,
                "device_name": "/dev/sdf",
                "encrypted": true,
                "iops": 100,
                "kms_key_id": "arn:aws:kms:us-east-1:154542059199:key/38412acc-c75e-4d86-bb5d-b94115979704",
                "snapshot_id": "",
                "volume_id": "vol-047a0860c2a899b60",
                "volume_size": 5,
                "volume_type": "gp2"
              },
              {
                "delete_on_termination": false,
                "device_name": "/dev/sdg",
                "encrypted": true,
                "iops": 100,
                "kms_key_id": "arn:aws:kms:us-east-1:154542059199:key/38412acc-c75e-4d86-bb5d-b94115979704",
                "snapshot_id": "",
                "volume_id": "vol-04d934fe36b50ce25",
                "volume_size": 5,
                "volume_type": "gp2"
              }
            ],
            "ebs_optimized": false,
            "ephemeral_block_device": [],
            "get_password_data": false,
            "hibernation": false,
            "host_id": null,
            "iam_instance_profile": "nile-profile",
            "id": "i-098547581bbf38250",
            "instance_initiated_shutdown_behavior": "",
            "instance_state": "running",
            "instance_type": "t2.micro",
            "ipv6_address_count": 0,
            "ipv6_addresses": [],
            "key_name": "deployer-key",
            "metadata_options": [
              {
                "http_endpoint": "enabled",
                "http_put_response_hop_limit": 1,
                "http_tokens": "optional"
              }
            ],
            "monitoring": false,
            "network_interface": [],
            "outpost_arn": "",
            "password_data": "",
            "placement_group": "EC2_placement_group",
            "primary_network_interface_id": "eni-0da9c6aad47592d0e",
            "private_dns": "ip-172-31-64-60.ec2.internal",
            "private_ip": "172.31.64.60",
            "public_dns": "ec2-3-235-229-46.compute-1.amazonaws.com",
            "public_ip": "3.235.229.46",
            "root_block_device": [
              {
                "delete_on_termination": true,
                "device_name": "/dev/xvda",
                "encrypted": true,
                "iops": 100,
                "kms_key_id": "arn:aws:kms:us-east-1:154542059199:key/38412acc-c75e-4d86-bb5d-b94115979704",
                "volume_id": "vol-0b24cfa96f30f01da",
                "volume_size": 10,
                "volume_type": "gp2"
              }
            ],
            "secondary_private_ips": [],
            "security_groups": [
              "terraform-20200907073530788500000001"
            ],
            "source_dest_check": true,
            "subnet_id": "subnet-23a9372d",
            "tags": {
              "Name": "Nile--2"
            },
            "tenancy": "default",
            "timeouts": null,
            "user_data": "ae4ec7b3c5deb82bd55528fc0d75abb3886651b5",
            "user_data_base64": null,
            "volume_tags": {
              "Name": "Nile--2"
            },
            "vpc_security_group_ids": [
              "sg-073b465bec4e35a37"
            ]
          },
          "private": "eyJlMmJmYjczMC1lY2FhLTExZTYtOGY4OC0zNDM2M2JjN2M0YzAiOnsiY3JlYXRlIjo2MDAwMDAwMDAwMDAsImRlbGV0ZSI6MTIwMDAwMDAwMDAwMCwidXBkYXRlIjo2MDAwMDAwMDAwMDB9LCJzY2hlbWFfdmVyc2lvbiI6IjEifQ==",
          "dependencies": [
            "module.ec2_mod_for_autoscale.aws_iam_instance_profile.iam_instance_profile",
            "module.ec2_mod_for_autoscale.aws_iam_role.test_role",
            "module.ec2_mod_for_autoscale.aws_key_pair.nile-key",
            "module.ec2_mod_for_autoscale.aws_placement_group.ec2-placement_strategy",
            "module.ec2_mod_for_autoscale.aws_security_group.sg"
          ],
          "create_before_destroy": true
        },
        {
          "index_key": 2,
          "schema_version": 1,
          "attributes": {
            "ami": "ami-02354e95b39ca8dec",
            "arn": "arn:aws:ec2:us-east-1:154542059199:instance/i-0fb3c5219177a7196",
            "associate_public_ip_address": true,
            "availability_zone": "us-east-1e",
            "cpu_core_count": 1,
            "cpu_threads_per_core": 1,
            "credit_specification": [
              {
                "cpu_credits": "standard"
              }
            ],
            "disable_api_termination": false,
            "ebs_block_device": [
              {
                "delete_on_termination": false,
                "device_name": "/dev/sdf",
                "encrypted": true,
                "iops": 100,
                "kms_key_id": "arn:aws:kms:us-east-1:154542059199:key/38412acc-c75e-4d86-bb5d-b94115979704",
                "snapshot_id": "",
                "volume_id": "vol-090d2703230b2de7c",
                "volume_size": 5,
                "volume_type": "gp2"
              },
              {
                "delete_on_termination": false,
                "device_name": "/dev/sdg",
                "encrypted": true,
                "iops": 100,
                "kms_key_id": "arn:aws:kms:us-east-1:154542059199:key/38412acc-c75e-4d86-bb5d-b94115979704",
                "snapshot_id": "",
                "volume_id": "vol-0911e5af1aaef1fbf",
                "volume_size": 5,
                "volume_type": "gp2"
              }
            ],
            "ebs_optimized": false,
            "ephemeral_block_device": [],
            "get_password_data": false,
            "hibernation": false,
            "host_id": null,
            "iam_instance_profile": "nile-profile",
            "id": "i-0fb3c5219177a7196",
            "instance_initiated_shutdown_behavior": "",
            "instance_state": "running",
            "instance_type": "t2.micro",
            "ipv6_address_count": 0,
            "ipv6_addresses": [],
            "key_name": "deployer-key",
            "metadata_options": [
              {
                "http_endpoint": "enabled",
                "http_put_response_hop_limit": 1,
                "http_tokens": "optional"
              }
            ],
            "monitoring": false,
            "network_interface": [],
            "outpost_arn": "",
            "password_data": "",
            "placement_group": "EC2_placement_group",
            "primary_network_interface_id": "eni-0193a6d0d792d3b05",
            "private_dns": "ip-172-31-56-166.ec2.internal",
            "private_ip": "172.31.56.166",
            "public_dns": "ec2-100-25-212-195.compute-1.amazonaws.com",
            "public_ip": "100.25.212.195",
            "root_block_device": [
              {
                "delete_on_termination": true,
                "device_name": "/dev/xvda",
                "encrypted": true,
                "iops": 100,
                "kms_key_id": "arn:aws:kms:us-east-1:154542059199:key/38412acc-c75e-4d86-bb5d-b94115979704",
                "volume_id": "vol-0e917e83bb8bf3b67",
                "volume_size": 10,
                "volume_type": "gp2"
              }
            ],
            "secondary_private_ips": [],
            "security_groups": [
              "terraform-20200907073530788500000001"
            ],
            "source_dest_check": true,
            "subnet_id": "subnet-c8779ff9",
            "tags": {
              "Name": "Nile--3"
            },
            "tenancy": "default",
            "timeouts": null,
            "user_data": "ae4ec7b3c5deb82bd55528fc0d75abb3886651b5",
            "user_data_base64": null,
            "volume_tags": {
              "Name": "Nile--3"
            },
            "vpc_security_group_ids": [
              "sg-073b465bec4e35a37"
            ]
          },
          "private": "eyJlMmJmYjczMC1lY2FhLTExZTYtOGY4OC0zNDM2M2JjN2M0YzAiOnsiY3JlYXRlIjo2MDAwMDAwMDAwMDAsImRlbGV0ZSI6MTIwMDAwMDAwMDAwMCwidXBkYXRlIjo2MDAwMDAwMDAwMDB9LCJzY2hlbWFfdmVyc2lvbiI6IjEifQ==",
          "dependencies": [
            "module.ec2_mod_for_autoscale.aws_iam_instance_profile.iam_instance_profile",
            "module.ec2_mod_for_autoscale.aws_iam_role.test_role",
            "module.ec2_mod_for_autoscale.aws_key_pair.nile-key",
            "module.ec2_mod_for_autoscale.aws_placement_group.ec2-placement_strategy",
            "module.ec2_mod_for_autoscale.aws_security_group.sg"
          ],
          "create_before_destroy": true
        }
      ]
    },
    {
      "module": "module.ec2_mod_for_autoscale[0]",
      "mode": "managed",
      "type": "aws_key_pair",
      "name": "nile-key",
      "provider": "provider[\"registry.terraform.io/hashicorp/aws\"]",
      "instances": [
        {
          "schema_version": 1,
          "attributes": {
            "arn": "arn:aws:ec2:us-east-1:154542059199:key-pair/deployer-key",
            "fingerprint": "95:81:60:89:c6:15:ff:00:9d:28:e5:2f:1b:f7:ac:90",
            "id": "deployer-key",
            "key_name": "deployer-key",
            "key_name_prefix": null,
            "key_pair_id": "key-052d88c96c78919cf",
            "public_key": "ssh-rsa AAAAB3NzaC1yc2EAAAABJQAAAQEAn8D7Nkhyc7qZ0mZ7lIO236gB0KcPzLYrmBg6T8UXWUDkLW4j/HQYBf6jIdtkd5QJ+F5Z53H8tQ/dv3F+QmSTHkBV6IASY+ugWGVCN7XImjxuiSgBxZ70MzK4TNcx7j/finVMFptl2qdWeZyvUtWYldFMgqlGmXDBtEydt8g6tqkX1Saq0YmMU7uXE6TRJHPFoGsyLbBbiVjDIx9YPdVpgjs7ZyRSQ2BNQEb6NaSsVOvW5R1+ceBITLX9n7tmzE0jJ4tnl1zR/m2/fiWWkdPT/jWeanlEXlAQR2cU09XjFfdRPVfUDTtE2r9mPk8tcJpJ+LhShpB9Rzwd4jnAAYZEYQ== rsa-key-20200812",
            "tags": {}
          },
          "private": "eyJzY2hlbWFfdmVyc2lvbiI6IjEifQ==",
          "create_before_destroy": true
        }
      ]
    },
    {
      "module": "module.ec2_mod_for_autoscale[0]",
      "mode": "managed",
      "type": "aws_placement_group",
      "name": "ec2-placement_strategy",
      "provider": "provider[\"registry.terraform.io/hashicorp/aws\"]",
      "instances": [
        {
          "schema_version": 0,
          "attributes": {
            "arn": "arn:aws:ec2:us-east-1:154542059199:placement-group/EC2_placement_group",
            "id": "EC2_placement_group",
            "name": "EC2_placement_group",
            "placement_group_id": "pg-0052d711e06df8857",
            "strategy": "spread",
            "tags": {}
          },
          "private": "bnVsbA==",
          "create_before_destroy": true
        }
      ]
    },
    {
      "module": "module.ec2_mod_for_autoscale[0]",
      "mode": "managed",
      "type": "aws_security_group",
      "name": "sg",
      "provider": "provider[\"registry.terraform.io/hashicorp/aws\"]",
      "instances": [
        {
          "schema_version": 1,
          "attributes": {
            "arn": "arn:aws:ec2:us-east-1:154542059199:security-group/sg-073b465bec4e35a37",
            "description": "Managed by Terraform",
            "egress": [
              {
                "cidr_blocks": [
                  "0.0.0.0/0"
                ],
                "description": "",
                "from_port": 0,
                "ipv6_cidr_blocks": [],
                "prefix_list_ids": [],
                "protocol": "-1",
                "security_groups": [],
                "self": false,
                "to_port": 0
              }
            ],
            "id": "sg-073b465bec4e35a37",
            "ingress": [
              {
                "cidr_blocks": [
                  "0.0.0.0/0"
                ],
                "description": "",
                "from_port": 22,
                "ipv6_cidr_blocks": [],
                "prefix_list_ids": [],
                "protocol": "tcp",
                "security_groups": [],
                "self": false,
                "to_port": 22
              },
              {
                "cidr_blocks": [
                  "0.0.0.0/0"
                ],
                "description": "",
                "from_port": 443,
                "ipv6_cidr_blocks": [],
                "prefix_list_ids": [],
                "protocol": "tcp",
                "security_groups": [],
                "self": false,
                "to_port": 443
              },
              {
                "cidr_blocks": [
                  "0.0.0.0/0"
                ],
                "description": "",
                "from_port": 80,
                "ipv6_cidr_blocks": [],
                "prefix_list_ids": [],
                "protocol": "tcp",
                "security_groups": [],
                "self": false,
                "to_port": 80
              }
            ],
            "name": "terraform-20200907073530788500000001",
            "name_prefix": "",
            "owner_id": "154542059199",
            "revoke_rules_on_delete": false,
            "tags": {
              "Name": "Nile_EC2_SG2"
            },
            "timeouts": null,
            "vpc_id": "vpc-4ebd4d33"
          },
          "private": "eyJlMmJmYjczMC1lY2FhLTExZTYtOGY4OC0zNDM2M2JjN2M0YzAiOnsiY3JlYXRlIjo2MDAwMDAwMDAwMDAsImRlbGV0ZSI6NjAwMDAwMDAwMDAwfSwic2NoZW1hX3ZlcnNpb24iOiIxIn0=",
          "create_before_destroy": true
        }
      ]
    }
  ]
}
